
Microsoft Visual Studio Solution File, Format Version 12.00
# Visual Studio Version 17
VisualStudioVersion = 17.12.35521.163 d17.12
MinimumVisualStudioVersion = 10.0.40219.1
Project("{FAE04EC0-301F-11D3-BF4B-00C04F79EFBC}") = "Exercício5", "Exercício5\Exercício5.csproj", "{CAB74955-66EA-4A65-943F-E0B66A60993A}"
EndProject
Global
	GlobalSection(SolutionConfigurationPlatforms) = preSolution
		Debug|Any CPU = Debug|Any CPU
		Release|Any CPU = Release|Any CPU
	EndGlobalSection
	GlobalSection(ProjectConfigurationPlatforms) = postSolution
		{CAB74955-66EA-4A65-943F-E0B66A60993A}.Debug|Any CPU.ActiveCfg = Debug|Any CPU
		{CAB74955-66EA-4A65-943F-E0B66A60993A}.Debug|Any CPU.Build.0 = Debug|Any CPU
		{CAB74955-66EA-4A65-943F-E0B66A60993A}.Release|Any CPU.ActiveCfg = Release|Any CPU
		{CAB74955-66EA-4A65-943F-E0B66A60993A}.Release|Any CPU.Build.0 = Release|Any CPU
	EndGlobalSection
	GlobalSection(SolutionProperties) = preSolution
		HideSolutionNode = FALSE
	EndGlobalSection
EndGlobal
